{
  "version": 4,
  "terraform_version": "1.6.2",
  "serial": 1,
  "lineage": "3c6408fe-6f31-419b-de17-c888824aa0df",
  "outputs": {},
  "resources": [
    {
      "mode": "managed",
      "type": "aws_dynamodb_table",
      "name": "omni-tac-event-table",
      "provider": "provider[\"registry.terraform.io/hashicorp/aws\"]",
      "instances": [
        {
          "schema_version": 1,
          "attributes": {
            "arn": "arn:aws:dynamodb:us-east-1:332281781429:table/omni-tac-event-table-dev",
            "attribute": [
              {
                "name": "pKey",
                "type": "S"
              },
              {
                "name": "sKey",
                "type": "S"
              },
              {
                "name": "status",
                "type": "S"
              }
            ],
            "billing_mode": "PAY_PER_REQUEST",
            "deletion_protection_enabled": false,
            "global_secondary_index": [
              {
                "hash_key": "status",
                "name": "status-index",
                "non_key_attributes": [],
                "projection_type": "ALL",
                "range_key": "sKey",
                "read_capacity": null,
                "write_capacity": null
              }
            ],
            "hash_key": "pKey",
            "id": "omni-tac-event-table-dev",
            "local_secondary_index": [],
            "name": "omni-tac-event-table-dev",
            "point_in_time_recovery": [
              {
                "enabled": false
              }
            ],
            "range_key": "sKey",
            "read_capacity": 0,
            "replica": [],
            "restore_date_time": null,
            "restore_source_name": null,
            "restore_to_latest_time": null,
            "server_side_encryption": [],
            "stream_arn": "arn:aws:dynamodb:us-east-1:332281781429:table/omni-tac-event-table-dev/stream/2023-10-26T14:43:11.629",
            "stream_enabled": true,
            "stream_label": "2023-10-26T14:43:11.629",
            "stream_view_type": "NEW_AND_OLD_IMAGES",
            "table_class": "STANDARD",
            "tags": {
              "Application": "Omni Tac Index",
              "CreatedBy": "BizCloudExperts",
              "Environment": "dev",
              "STAGE": "dev"
            },
            "tags_all": {
              "Application": "Omni Tac Index",
              "CreatedBy": "BizCloudExperts",
              "Environment": "dev",
              "STAGE": "dev"
            },
            "timeouts": null,
            "ttl": [
              {
                "attribute_name": "",
                "enabled": false
              }
            ],
            "write_capacity": 0
          },
          "sensitive_attributes": [],
          "private": "eyJlMmJmYjczMC1lY2FhLTExZTYtOGY4OC0zNDM2M2JjN2M0YzAiOnsiY3JlYXRlIjoxODAwMDAwMDAwMDAwLCJkZWxldGUiOjYwMDAwMDAwMDAwMCwidXBkYXRlIjozNjAwMDAwMDAwMDAwfSwic2NoZW1hX3ZlcnNpb24iOiIxIn0="
        }
      ]
    }
  ],
  "check_results": null
}
